
Microsoft Visual Studio Solution File, Format Version 12.00
Project("{FAE04EC0-301F-11D3-BF4B-00C04F79EFBC}") = "ExoBibliothèque-GD", "ExoBibliothèque-GD\ExoBibliothèque-GD.csproj", "{04C56C83-7439-4142-A3BF-57494EB98B6E}"
EndProject
Project("{FAE04EC0-301F-11D3-BF4B-00C04F79EFBC}") = "ExoBibliotheque-GD.Test", "ExoBibliotheque-GD.Test\ExoBibliotheque-GD.Test.csproj", "{C0E9C597-0027-47FD-B0E7-C83E675105AB}"
EndProject
Global
	GlobalSection(SolutionConfigurationPlatforms) = preSolution
		Debug|Any CPU = Debug|Any CPU
		Release|Any CPU = Release|Any CPU
	EndGlobalSection
	GlobalSection(ProjectConfigurationPlatforms) = postSolution
		{04C56C83-7439-4142-A3BF-57494EB98B6E}.Debug|Any CPU.ActiveCfg = Debug|Any CPU
		{04C56C83-7439-4142-A3BF-57494EB98B6E}.Debug|Any CPU.Build.0 = Debug|Any CPU
		{04C56C83-7439-4142-A3BF-57494EB98B6E}.Release|Any CPU.ActiveCfg = Release|Any CPU
		{04C56C83-7439-4142-A3BF-57494EB98B6E}.Release|Any CPU.Build.0 = Release|Any CPU
		{C0E9C597-0027-47FD-B0E7-C83E675105AB}.Debug|Any CPU.ActiveCfg = Debug|Any CPU
		{C0E9C597-0027-47FD-B0E7-C83E675105AB}.Debug|Any CPU.Build.0 = Debug|Any CPU
		{C0E9C597-0027-47FD-B0E7-C83E675105AB}.Release|Any CPU.ActiveCfg = Release|Any CPU
		{C0E9C597-0027-47FD-B0E7-C83E675105AB}.Release|Any CPU.Build.0 = Release|Any CPU
	EndGlobalSection
EndGlobal
